<?xml version="1.0" encoding="utf-8"?>
<Project ToolsVersion="4.0" xmlns="http://schemas.microsoft.com/developer/msbuild/2003">
  <ItemGroup>
    <Filter Include="Source Files">
      <UniqueIdentifier>{4FC737F1-C7A5-4376-A066-2A32D752A2FF}</UniqueIdentifier>
      <Extensions>cpp;c;cc;cxx;def;odl;idl;hpj;bat;asm;asmx</Extensions>
    </Filter>
    <Filter Include="Header Files">
      <UniqueIdentifier>{93995380-89BD-4b04-88EB-625FBE52EBFB}</UniqueIdentifier>
      <Extensions>h;hpp;hxx;hm;inl;inc;xsd</Extensions>
    </Filter>
    <Filter Include="Resource Files">
      <UniqueIdentifier>{67DA6AB6-F800-4c08-8B7A-83BB121AAD01}</UniqueIdentifier>
      <Extensions>rc;ico;cur;bmp;dlg;rc2;rct;bin;rgs;gif;jpg;jpeg;jpe;resx;tiff;tif;png;wav;mfcribbon-ms</Extensions>
    </Filter>
  </ItemGroup>
  <ItemGroup>
    <ClCompile Include="server.cpp">
      <Filter>Source Files</Filter>
    </ClCompile>
    <ClCompile Include="serversocket.cpp">
      <Filter>Source Files</Filter>
    </ClCompile>
    <ClCompile Include="..\source\net\bitstream.cpp">
      <Filter>Source Files</Filter>
    </ClCompile>
    <ClCompile Include="..\source\utilities\aux_func.cpp">
      <Filter>Source Files</Filter>
    </ClCompile>
    <ClCompile Include="logErroresServer.cpp">
      <Filter>Source Files</Filter>
    </ClCompile>
    <ClCompile Include="parserServer.cpp">
      <Filter>Source Files</Filter>
    </ClCompile>
    <ClCompile Include="config_servidor.cpp">
      <Filter>Source Files</Filter>
    </ClCompile>
    <ClCompile Include="playerman.cpp">
      <Filter>Source Files</Filter>
    </ClCompile>
    <ClCompile Include="..\source\utilities\PruebasParser.cpp">
      <Filter>Source Files</Filter>
    </ClCompile>
    <ClCompile Include="..\source\utilities\timer.cpp">
      <Filter>Source Files</Filter>
    </ClCompile>
    <ClCompile Include="..\source\utilities\config_cliente.cpp">
      <Filter>Source Files</Filter>
    </ClCompile>
    <ClCompile Include="..\source\utilities\config_entidad.cpp">
      <Filter>Source Files</Filter>
    </ClCompile>
    <ClCompile Include="..\source\utilities\config_entidad_en_juego.cpp">
      <Filter>Source Files</Filter>
    </ClCompile>
    <ClCompile Include="..\source\utilities\config_escenario.cpp">
      <Filter>Source Files</Filter>
    </ClCompile>
    <ClCompile Include="..\source\utilities\config_general.cpp">
      <Filter>Source Files</Filter>
    </ClCompile>
    <ClCompile Include="..\source\utilities\config_juego.cpp">
      <Filter>Source Files</Filter>
    </ClCompile>
    <ClCompile Include="..\source\utilities\config_pantalla.cpp">
      <Filter>Source Files</Filter>
    </ClCompile>
    <ClCompile Include="..\source\utilities\coordenadas.cpp">
      <Filter>Source Files</Filter>
    </ClCompile>
    <ClCompile Include="mapaservidor.cpp">
      <Filter>Source Files</Filter>
    </ClCompile>
  </ItemGroup>
  <ItemGroup>
    <ClInclude Include="serversocket.h">
      <Filter>Header Files</Filter>
    </ClInclude>
    <ClInclude Include="..\source\net\bitstream.h">
      <Filter>Header Files</Filter>
    </ClInclude>
    <ClInclude Include="..\source\net\defines.h">
      <Filter>Header Files</Filter>
    </ClInclude>
    <ClInclude Include="..\source\utilities\aux_func.h">
      <Filter>Header Files</Filter>
    </ClInclude>
    <ClInclude Include="logErroresServer.h">
      <Filter>Header Files</Filter>
    </ClInclude>
    <ClInclude Include="parserServer.h">
      <Filter>Header Files</Filter>
    </ClInclude>
    <ClInclude Include="config_servidor.h">
      <Filter>Header Files</Filter>
    </ClInclude>
    <ClInclude Include="playerman.h">
      <Filter>Header Files</Filter>
    </ClInclude>
    <ClInclude Include="..\source\utilities\config_cliente.h">
      <Filter>Header Files</Filter>
    </ClInclude>
    <ClInclude Include="..\source\utilities\config_entidad.h">
      <Filter>Header Files</Filter>
    </ClInclude>
    <ClInclude Include="..\source\utilities\config_entidad_en_juego.h">
      <Filter>Header Files</Filter>
    </ClInclude>
    <ClInclude Include="..\source\utilities\config_escenario.h">
      <Filter>Header Files</Filter>
    </ClInclude>
    <ClInclude Include="..\source\utilities\config_general.h">
      <Filter>Header Files</Filter>
    </ClInclude>
    <ClInclude Include="..\source\utilities\config_juego.h">
      <Filter>Header Files</Filter>
    </ClInclude>
    <ClInclude Include="..\source\utilities\config_pantalla.h">
      <Filter>Header Files</Filter>
    </ClInclude>
    <ClInclude Include="..\source\utilities\coordenadas.h">
      <Filter>Header Files</Filter>
    </ClInclude>
    <ClInclude Include="..\source\utilities\chatwindow.h">
      <Filter>Header Files</Filter>
    </ClInclude>
    <ClInclude Include="..\source\utilities\PruebasParser.h">
      <Filter>Header Files</Filter>
    </ClInclude>
    <ClInclude Include="..\source\utilities\timer.h">
      <Filter>Header Files</Filter>
    </ClInclude>
    <ClInclude Include="..\source\utilities\vec2.h">
      <Filter>Header Files</Filter>
    </ClInclude>
    <ClInclude Include="mapaservidor.h">
      <Filter>Header Files</Filter>
    </ClInclude>
  </ItemGroup>
</Project>