<?xml version="1.0" encoding="utf-8"?>
<Project ToolsVersion="4.0" xmlns="http://schemas.microsoft.com/developer/msbuild/2003">
  <ItemGroup>
    <Filter Include="Source Files">
      <UniqueIdentifier>{4FC737F1-C7A5-4376-A066-2A32D752A2FF}</UniqueIdentifier>
      <Extensions>cpp;c;cc;cxx;def;odl;idl;hpj;bat;asm;asmx</Extensions>
    </Filter>
    <Filter Include="Header Files">
      <UniqueIdentifier>{93995380-89BD-4b04-88EB-625FBE52EBFB}</UniqueIdentifier>
      <Extensions>h;hpp;hxx;hm;inl;inc;xsd</Extensions>
    </Filter>
    <Filter Include="Resource Files">
      <UniqueIdentifier>{67DA6AB6-F800-4c08-8B7A-83BB121AAD01}</UniqueIdentifier>
      <Extensions>rc;ico;cur;bmp;dlg;rc2;rct;bin;rgs;gif;jpg;jpeg;jpe;resx;tiff;tif;png;wav;mfcribbon-ms</Extensions>
    </Filter>
  </ItemGroup>
  <ItemGroup>
    <ClCompile Include="main.cpp">
      <Filter>Source Files</Filter>
    </ClCompile>
    <ClCompile Include="source\utilities\timer.cpp">
      <Filter>Source Files</Filter>
    </ClCompile>
    <ClCompile Include="source\utilities\surface.cpp">
      <Filter>Source Files</Filter>
    </ClCompile>
    <ClCompile Include="source\utilities\aux_func.cpp">
      <Filter>Source Files</Filter>
    </ClCompile>
    <ClCompile Include="source\utilities\parser.cpp">
      <Filter>Source Files</Filter>
    </ClCompile>
    <ClCompile Include="source\utilities\config_escenario.cpp">
      <Filter>Source Files</Filter>
    </ClCompile>
    <ClCompile Include="source\utilities\config_entidad.cpp">
      <Filter>Source Files</Filter>
    </ClCompile>
    <ClCompile Include="source\utilities\config_pantalla.cpp">
      <Filter>Source Files</Filter>
    </ClCompile>
    <ClCompile Include="source\utilities\config_general.cpp">
      <Filter>Source Files</Filter>
    </ClCompile>
    <ClCompile Include="source\display\camara.cpp">
      <Filter>Source Files</Filter>
    </ClCompile>
    <ClCompile Include="source\display\entidad.cpp">
      <Filter>Source Files</Filter>
    </ClCompile>
    <ClCompile Include="source\display\mapa.cpp">
      <Filter>Source Files</Filter>
    </ClCompile>
    <ClCompile Include="source\display\resman.cpp">
      <Filter>Source Files</Filter>
    </ClCompile>
    <ClCompile Include="source\display\tile.cpp">
      <Filter>Source Files</Filter>
    </ClCompile>
    <ClCompile Include="source\utilities\Imagen.cpp">
      <Filter>Source Files</Filter>
    </ClCompile>
    <ClCompile Include="source\utilities\ImagenAnimada.cpp">
      <Filter>Source Files</Filter>
    </ClCompile>
    <ClCompile Include="source\utilities\ImagenEstatica.cpp">
      <Filter>Source Files</Filter>
    </ClCompile>
    <ClCompile Include="source\utilities\ImagenPersonaje.cpp">
      <Filter>Source Files</Filter>
    </ClCompile>
    <ClCompile Include="source\utilities\Test.cpp">
      <Filter>Source Files</Filter>
    </ClCompile>
    <ClCompile Include="source\utilities\Personaje.cpp">
      <Filter>Source Files</Filter>
    </ClCompile>
    <ClCompile Include="source\utilities\coordenadas.cpp">
      <Filter>Source Files</Filter>
    </ClCompile>
    <ClCompile Include="source\utilities\PruebasParser.cpp">
      <Filter>Source Files</Filter>
    </ClCompile>
    <ClCompile Include="source\utilities\config_entidad_en_juego.cpp">
      <Filter>Source Files</Filter>
    </ClCompile>
    <ClCompile Include="source\utilities\config_juego.cpp">
      <Filter>Source Files</Filter>
    </ClCompile>
    <ClCompile Include="source\utilities\logErrores.cpp">
      <Filter>Source Files</Filter>
    </ClCompile>
    <ClCompile Include="source\display\entidadFija.cpp">
      <Filter>Source Files</Filter>
    </ClCompile>
    <ClCompile Include="source\utilities\PersonajeAutomatico.cpp">
      <Filter>Source Files</Filter>
    </ClCompile>
    <ClCompile Include="source\display\EntidadFijaCaminable.cpp">
      <Filter>Source Files</Filter>
    </ClCompile>
    <ClCompile Include="source\display\font.cpp">
      <Filter>Source Files</Filter>
    </ClCompile>
    <ClCompile Include="source\utilities\sinput.cpp">
      <Filter>Source Files</Filter>
    </ClCompile>
    <ClCompile Include="source\utilities\chatwindow.cpp">
      <Filter>Source Files</Filter>
    </ClCompile>
    <ClCompile Include="source\net\bitstream.cpp">
      <Filter>Source Files</Filter>
    </ClCompile>
    <ClCompile Include="Cliente\clientsocket.cpp">
      <Filter>Source Files</Filter>
    </ClCompile>
    <ClCompile Include="source\utilities\config_cliente.cpp">
      <Filter>Source Files</Filter>
    </ClCompile>
    <ClCompile Include="source\net\PjeManager.cpp">
      <Filter>Source Files</Filter>
    </ClCompile>
    <ClCompile Include="source\utilities\arista.cpp">
      <Filter>Source Files</Filter>
    </ClCompile>
    <ClCompile Include="source\utilities\grafo.cpp">
      <Filter>Source Files</Filter>
    </ClCompile>
    <ClCompile Include="source\utilities\vertice.cpp">
      <Filter>Source Files</Filter>
    </ClCompile>
    <ClCompile Include="source\utilities\item.cpp">
      <Filter>Source Files</Filter>
    </ClCompile>
  </ItemGroup>
  <ItemGroup>
    <ClInclude Include="source\utilities\timer.h">
      <Filter>Header Files</Filter>
    </ClInclude>
    <ClInclude Include="source\utilities\surface.h">
      <Filter>Header Files</Filter>
    </ClInclude>
    <ClInclude Include="source\utilities\aux_func.h">
      <Filter>Header Files</Filter>
    </ClInclude>
    <ClInclude Include="source\utilities\parser.h">
      <Filter>Header Files</Filter>
    </ClInclude>
    <ClInclude Include="source\utilities\config_escenario.h">
      <Filter>Header Files</Filter>
    </ClInclude>
    <ClInclude Include="source\utilities\config_entidad.h">
      <Filter>Header Files</Filter>
    </ClInclude>
    <ClInclude Include="source\utilities\config_pantalla.h">
      <Filter>Header Files</Filter>
    </ClInclude>
    <ClInclude Include="source\utilities\config_general.h">
      <Filter>Header Files</Filter>
    </ClInclude>
    <ClInclude Include="source\display\camara.h">
      <Filter>Header Files</Filter>
    </ClInclude>
    <ClInclude Include="source\constants\model.h">
      <Filter>Header Files</Filter>
    </ClInclude>
    <ClInclude Include="source\utilities\coordenadas.h">
      <Filter>Header Files</Filter>
    </ClInclude>
    <ClInclude Include="source\display\entidad.h">
      <Filter>Header Files</Filter>
    </ClInclude>
    <ClInclude Include="source\display\mapa.h">
      <Filter>Header Files</Filter>
    </ClInclude>
    <ClInclude Include="source\display\resman.h">
      <Filter>Header Files</Filter>
    </ClInclude>
    <ClInclude Include="source\display\tile.h">
      <Filter>Header Files</Filter>
    </ClInclude>
    <ClInclude Include="source\utilities\imagen_error.h">
      <Filter>Header Files</Filter>
    </ClInclude>
    <ClInclude Include="source\utilities\Imagen.h">
      <Filter>Header Files</Filter>
    </ClInclude>
    <ClInclude Include="source\utilities\ImagenAnimada.h">
      <Filter>Header Files</Filter>
    </ClInclude>
    <ClInclude Include="source\utilities\ImagenEstatica.h">
      <Filter>Header Files</Filter>
    </ClInclude>
    <ClInclude Include="source\utilities\Test.h">
      <Filter>Header Files</Filter>
    </ClInclude>
    <ClInclude Include="source\utilities\ImagenPersonaje.h">
      <Filter>Header Files</Filter>
    </ClInclude>
    <ClInclude Include="source\utilities\Personaje.h">
      <Filter>Header Files</Filter>
    </ClInclude>
    <ClInclude Include="source\utilities\vec2.h">
      <Filter>Header Files</Filter>
    </ClInclude>
    <ClInclude Include="source\utilities\PruebasParser.h">
      <Filter>Header Files</Filter>
    </ClInclude>
    <ClInclude Include="source\utilities\config_entidad_en_juego.h">
      <Filter>Header Files</Filter>
    </ClInclude>
    <ClInclude Include="source\utilities\config_juego.h">
      <Filter>Header Files</Filter>
    </ClInclude>
    <ClInclude Include="source\utilities\logErrores.h">
      <Filter>Header Files</Filter>
    </ClInclude>
    <ClInclude Include="source\display\entidadFija.h">
      <Filter>Header Files</Filter>
    </ClInclude>
    <ClInclude Include="source\utilities\PersonajeAutomatico.h">
      <Filter>Header Files</Filter>
    </ClInclude>
    <ClInclude Include="source\display\EntidadFijaCaminable.h">
      <Filter>Header Files</Filter>
    </ClInclude>
    <ClInclude Include="source\display\font.h">
      <Filter>Header Files</Filter>
    </ClInclude>
    <ClInclude Include="source\utilities\sinput.h">
      <Filter>Header Files</Filter>
    </ClInclude>
    <ClInclude Include="source\utilities\chatwindow.h">
      <Filter>Header Files</Filter>
    </ClInclude>
    <ClInclude Include="source\net\defines.h">
      <Filter>Header Files</Filter>
    </ClInclude>
    <ClInclude Include="Cliente\clientsocket.h">
      <Filter>Header Files</Filter>
    </ClInclude>
    <ClInclude Include="source\net\bitstream.h">
      <Filter>Header Files</Filter>
    </ClInclude>
    <ClInclude Include="source\utilities\config_cliente.h">
      <Filter>Header Files</Filter>
    </ClInclude>
    <ClInclude Include="source\net\PjeManager.h">
      <Filter>Header Files</Filter>
    </ClInclude>
    <ClInclude Include="source\utilities\arista.h">
      <Filter>Header Files</Filter>
    </ClInclude>
    <ClInclude Include="source\utilities\grafo.h">
      <Filter>Header Files</Filter>
    </ClInclude>
    <ClInclude Include="source\utilities\vertice.h">
      <Filter>Header Files</Filter>
    </ClInclude>
    <ClInclude Include="source\utilities\item.h">
      <Filter>Header Files</Filter>
    </ClInclude>
    <ClInclude Include="source\utilities\lampara.h">
      <Filter>Header Files</Filter>
    </ClInclude>
    <ClInclude Include="source\utilities\mapaItem.h">
      <Filter>Header Files</Filter>
    </ClInclude>
    <ClInclude Include="source\utilities\zapatos.h">
      <Filter>Header Files</Filter>
    </ClInclude>
    <ClInclude Include="source\utilities\terremoto.h">
      <Filter>Header Files</Filter>
    </ClInclude>
    <ClInclude Include="source\utilities\hielo.h">
      <Filter>Header Files</Filter>
    </ClInclude>
    <ClInclude Include="source\utilities\corazon.h">
      <Filter>Header Files</Filter>
    </ClInclude>
    <ClInclude Include="source\utilities\botella.h">
      <Filter>Header Files</Filter>
    </ClInclude>
  </ItemGroup>
</Project>